<?xml version="1.0" encoding="utf-8"?>
<Project ToolsVersion="4.0" xmlns="http://schemas.microsoft.com/developer/msbuild/2003">
  <ItemGroup>
    <Filter Include="Файлы ресурсов">
      <UniqueIdentifier>{67DA6AB6-F800-4c08-8B7A-83BB121AAD01}</UniqueIdentifier>
      <Extensions>rc;ico;cur;bmp;dlg;rc2;rct;bin;rgs;gif;jpg;jpeg;jpe;resx;tiff;tif;png;wav;mfcribbon-ms</Extensions>
    </Filter>
    <Filter Include="Headers">
      <UniqueIdentifier>{93995380-89BD-4b04-88EB-625FBE52EBFB}</UniqueIdentifier>
      <Extensions>h;hh;hpp;hxx;hm;inl;inc;xsd</Extensions>
    </Filter>
    <Filter Include="Sources">
      <UniqueIdentifier>{4FC737F1-C7A5-4376-A066-2A32D752A2FF}</UniqueIdentifier>
      <Extensions>cpp;c;cc;cxx;def;odl;idl;hpj;bat;asm;asmx</Extensions>
    </Filter>
  </ItemGroup>
  <ItemGroup>
    <ClInclude Include="Model\World.h">
      <Filter>Headers</Filter>
    </ClInclude>
    <ClInclude Include="Log.h">
      <Filter>Headers</Filter>
    </ClInclude>
    <ClInclude Include="View\View.h">
      <Filter>Headers</Filter>
    </ClInclude>
    <ClInclude Include="Model\GameObject.h">
      <Filter>Headers</Filter>
    </ClInclude>
    <ClInclude Include="Model\Utils\Vector.h">
      <Filter>Headers</Filter>
    </ClInclude>
    <ClInclude Include="Model\Objects\Anthill.h">
      <Filter>Headers</Filter>
    </ClInclude>
    <ClInclude Include="Model\Objects\Ants\BaseAnt.h">
      <Filter>Headers</Filter>
    </ClInclude>
    <ClInclude Include="Model\Objects\Ants\Queen.h">
      <Filter>Headers</Filter>
    </ClInclude>
    <ClInclude Include="Model\Objects\Ants\Larvae.h">
      <Filter>Headers</Filter>
    </ClInclude>
    <ClInclude Include="Model\Objects\Ants\Worker.h">
      <Filter>Headers</Filter>
    </ClInclude>
    <ClInclude Include="Model\Objects\Ants\Warrior.h">
      <Filter>Headers</Filter>
    </ClInclude>
    <ClInclude Include="Model\Objects\Ants\Policeman.h">
      <Filter>Headers</Filter>
    </ClInclude>
    <ClInclude Include="Model\Objects\Ants\AntsProperties.h">
      <Filter>Headers</Filter>
    </ClInclude>
    <ClInclude Include="Model\Objects\Nest.h">
      <Filter>Headers</Filter>
    </ClInclude>
    <ClInclude Include="Model\Objects\FoodStorage.h">
      <Filter>Headers</Filter>
    </ClInclude>
    <ClInclude Include="Model\Objects\ObjectsProperties.h">
      <Filter>Headers</Filter>
    </ClInclude>
    <ClInclude Include="Model\Objects\FoodSource.h">
      <Filter>Headers</Filter>
    </ClInclude>
    <ClInclude Include="Model\BehaviorOfAnts\BaseStrategy.h">
      <Filter>Headers</Filter>
    </ClInclude>
    <ClInclude Include="Model\BehaviorOfAnts\WorkerBaseStrategy.h">
      <Filter>Headers</Filter>
    </ClInclude>
    <ClInclude Include="Model\BehaviorOfAnts\CollectResourcesStrategy.h">
      <Filter>Headers</Filter>
    </ClInclude>
    <ClInclude Include="Model\BehaviorOfAnts\EatingStrategy.h">
      <Filter>Headers</Filter>
    </ClInclude>
    <ClInclude Include="Model\BehaviorOfAnts\WaitingStrategy.h">
      <Filter>Headers</Filter>
    </ClInclude>
  </ItemGroup>
  <ItemGroup>
    <ClCompile Include="main.cpp">
      <Filter>Sources</Filter>
    </ClCompile>
    <ClCompile Include="Model\World.cpp">
      <Filter>Sources</Filter>
    </ClCompile>
    <ClCompile Include="Log.cpp">
      <Filter>Sources</Filter>
    </ClCompile>
    <ClCompile Include="View\View.cpp">
      <Filter>Sources</Filter>
    </ClCompile>
    <ClCompile Include="Model\GameObject.cpp">
      <Filter>Sources</Filter>
    </ClCompile>
    <ClCompile Include="Model\Utils\Vector.cpp">
      <Filter>Sources</Filter>
    </ClCompile>
    <ClCompile Include="Model\Objects\Anthill.cpp">
      <Filter>Sources</Filter>
    </ClCompile>
    <ClCompile Include="Model\Objects\Ants\BaseAnt.cpp">
      <Filter>Sources</Filter>
    </ClCompile>
    <ClCompile Include="Model\Objects\Ants\Queen.cpp">
      <Filter>Sources</Filter>
    </ClCompile>
    <ClCompile Include="Model\Objects\Ants\Larvae.cpp">
      <Filter>Sources</Filter>
    </ClCompile>
    <ClCompile Include="Model\Objects\Ants\Worker.cpp">
      <Filter>Sources</Filter>
    </ClCompile>
    <ClCompile Include="Model\Objects\Ants\Warrior.cpp">
      <Filter>Sources</Filter>
    </ClCompile>
    <ClCompile Include="Model\Objects\Ants\Policeman.cpp">
      <Filter>Sources</Filter>
    </ClCompile>
    <ClCompile Include="Model\Objects\Nest.cpp">
      <Filter>Sources</Filter>
    </ClCompile>
    <ClCompile Include="Model\Objects\FoodStorage.cpp">
      <Filter>Sources</Filter>
    </ClCompile>
    <ClCompile Include="Model\Objects\FoodSource.cpp">
      <Filter>Sources</Filter>
    </ClCompile>
    <ClCompile Include="Model\BehaviorOfAnts\WorkerBaseStrategy.cpp">
      <Filter>Sources</Filter>
    </ClCompile>
    <ClCompile Include="Model\BehaviorOfAnts\CollectResourcesStrategy.cpp">
      <Filter>Sources</Filter>
    </ClCompile>
    <ClCompile Include="Model\BehaviorOfAnts\BaseStrategy.cpp">
      <Filter>Sources</Filter>
    </ClCompile>
    <ClCompile Include="Model\BehaviorOfAnts\EatingStrategy.cpp">
      <Filter>Sources</Filter>
    </ClCompile>
    <ClCompile Include="Model\BehaviorOfAnts\WaitingStrategy.cpp">
      <Filter>Sources</Filter>
    </ClCompile>
  </ItemGroup>
</Project>